
Microsoft Visual Studio Solution File, Format Version 12.00
# Visual Studio 15
VisualStudioVersion = 15.0.28307.645
MinimumVisualStudioVersion = 10.0.40219.1
Project("{FAE04EC0-301F-11D3-BF4B-00C04F79EFBC}") = "WebApiCoreResources", "WebApiCoreResources\WebApiCoreResources.csproj", "{9164DE3B-DBED-44CB-9DB3-3D038699480C}"
EndProject
Global
	GlobalSection(SolutionConfigurationPlatforms) = preSolution
		Debug|Any CPU = Debug|Any CPU
		Release|Any CPU = Release|Any CPU
	EndGlobalSection
	GlobalSection(ProjectConfigurationPlatforms) = postSolution
		{9164DE3B-DBED-44CB-9DB3-3D038699480C}.Debug|Any CPU.ActiveCfg = Debug|Any CPU
		{9164DE3B-DBED-44CB-9DB3-3D038699480C}.Debug|Any CPU.Build.0 = Debug|Any CPU
		{9164DE3B-DBED-44CB-9DB3-3D038699480C}.Release|Any CPU.ActiveCfg = Release|Any CPU
		{9164DE3B-DBED-44CB-9DB3-3D038699480C}.Release|Any CPU.Build.0 = Release|Any CPU
	EndGlobalSection
	GlobalSection(SolutionProperties) = preSolution
		HideSolutionNode = FALSE
	EndGlobalSection
	GlobalSection(ExtensibilityGlobals) = postSolution
		SolutionGuid = {18FA0D38-DBBC-4591-AD76-EA8313C70EFF}
	EndGlobalSection
EndGlobal
